
Microsoft Visual Studio Solution File, Format Version 12.00
# Visual Studio Version 17
VisualStudioVersion = 17.9.34728.123
MinimumVisualStudioVersion = 10.0.40219.1
Project("{FAE04EC0-301F-11D3-BF4B-00C04F79EFBC}") = "ArrayNumeriInteri", "ArrayNumeriInteri\ArrayNumeriInteri.csproj", "{9FDFD165-A1D8-4565-9C2F-6B1CE90DB402}"
EndProject
Project("{FAE04EC0-301F-11D3-BF4B-00C04F79EFBC}") = "ArrayStringhe", "ArrayStringhe\ArrayStringhe.csproj", "{2EC05CE1-0DD7-4BB9-947E-E41FC557790A}"
EndProject
Project("{FAE04EC0-301F-11D3-BF4B-00C04F79EFBC}") = "ArrayCasualiInteri", "ArrayCasualiInteri\ArrayCasualiInteri.csproj", "{6DBDBE0A-B2CB-4790-AE3D-4BC1AC56A119}"
EndProject
Global
	GlobalSection(SolutionConfigurationPlatforms) = preSolution
		Debug|Any CPU = Debug|Any CPU
		Release|Any CPU = Release|Any CPU
	EndGlobalSection
	GlobalSection(ProjectConfigurationPlatforms) = postSolution
		{9FDFD165-A1D8-4565-9C2F-6B1CE90DB402}.Debug|Any CPU.ActiveCfg = Debug|Any CPU
		{9FDFD165-A1D8-4565-9C2F-6B1CE90DB402}.Debug|Any CPU.Build.0 = Debug|Any CPU
		{9FDFD165-A1D8-4565-9C2F-6B1CE90DB402}.Release|Any CPU.ActiveCfg = Release|Any CPU
		{9FDFD165-A1D8-4565-9C2F-6B1CE90DB402}.Release|Any CPU.Build.0 = Release|Any CPU
		{2EC05CE1-0DD7-4BB9-947E-E41FC557790A}.Debug|Any CPU.ActiveCfg = Debug|Any CPU
		{2EC05CE1-0DD7-4BB9-947E-E41FC557790A}.Debug|Any CPU.Build.0 = Debug|Any CPU
		{2EC05CE1-0DD7-4BB9-947E-E41FC557790A}.Release|Any CPU.ActiveCfg = Release|Any CPU
		{2EC05CE1-0DD7-4BB9-947E-E41FC557790A}.Release|Any CPU.Build.0 = Release|Any CPU
		{6DBDBE0A-B2CB-4790-AE3D-4BC1AC56A119}.Debug|Any CPU.ActiveCfg = Debug|Any CPU
		{6DBDBE0A-B2CB-4790-AE3D-4BC1AC56A119}.Debug|Any CPU.Build.0 = Debug|Any CPU
		{6DBDBE0A-B2CB-4790-AE3D-4BC1AC56A119}.Release|Any CPU.ActiveCfg = Release|Any CPU
		{6DBDBE0A-B2CB-4790-AE3D-4BC1AC56A119}.Release|Any CPU.Build.0 = Release|Any CPU
	EndGlobalSection
	GlobalSection(SolutionProperties) = preSolution
		HideSolutionNode = FALSE
	EndGlobalSection
	GlobalSection(ExtensibilityGlobals) = postSolution
		SolutionGuid = {DBBF827C-FA7F-42B6-A516-64B7EB9E0032}
	EndGlobalSection
EndGlobal
