
Microsoft Visual Studio Solution File, Format Version 12.00
# Visual Studio Version 17
VisualStudioVersion = 17.10.35004.147
MinimumVisualStudioVersion = 10.0.40219.1
Project("{FAE04EC0-301F-11D3-BF4B-00C04F79EFBC}") = "LinQEnumerableExpressions", "LinQEnumerableExpressions\LinQEnumerableExpressions.csproj", "{80B7A85A-2B9C-47E0-BB8B-59FAEE7EA3BA}"
EndProject
Global
	GlobalSection(SolutionConfigurationPlatforms) = preSolution
		Debug|Any CPU = Debug|Any CPU
		Release|Any CPU = Release|Any CPU
	EndGlobalSection
	GlobalSection(ProjectConfigurationPlatforms) = postSolution
		{80B7A85A-2B9C-47E0-BB8B-59FAEE7EA3BA}.Debug|Any CPU.ActiveCfg = Debug|Any CPU
		{80B7A85A-2B9C-47E0-BB8B-59FAEE7EA3BA}.Debug|Any CPU.Build.0 = Debug|Any CPU
		{80B7A85A-2B9C-47E0-BB8B-59FAEE7EA3BA}.Release|Any CPU.ActiveCfg = Release|Any CPU
		{80B7A85A-2B9C-47E0-BB8B-59FAEE7EA3BA}.Release|Any CPU.Build.0 = Release|Any CPU
	EndGlobalSection
	GlobalSection(SolutionProperties) = preSolution
		HideSolutionNode = FALSE
	EndGlobalSection
	GlobalSection(ExtensibilityGlobals) = postSolution
		SolutionGuid = {24C8A483-5D7A-4ACB-A115-403CA31642ED}
	EndGlobalSection
EndGlobal
