
Microsoft Visual Studio Solution File, Format Version 12.00
# Visual Studio Version 17
VisualStudioVersion = 17.10.35004.147
MinimumVisualStudioVersion = 10.0.40219.1
Project("{FAE04EC0-301F-11D3-BF4B-00C04F79EFBC}") = "ClientiLinq", "ClientiLinq\ClientiLinq.csproj", "{560BB5FB-0DD4-42C1-8A45-4AA9FD0AC908}"
EndProject
Global
	GlobalSection(SolutionConfigurationPlatforms) = preSolution
		Debug|Any CPU = Debug|Any CPU
		Release|Any CPU = Release|Any CPU
	EndGlobalSection
	GlobalSection(ProjectConfigurationPlatforms) = postSolution
		{560BB5FB-0DD4-42C1-8A45-4AA9FD0AC908}.Debug|Any CPU.ActiveCfg = Debug|Any CPU
		{560BB5FB-0DD4-42C1-8A45-4AA9FD0AC908}.Debug|Any CPU.Build.0 = Debug|Any CPU
		{560BB5FB-0DD4-42C1-8A45-4AA9FD0AC908}.Release|Any CPU.ActiveCfg = Release|Any CPU
		{560BB5FB-0DD4-42C1-8A45-4AA9FD0AC908}.Release|Any CPU.Build.0 = Release|Any CPU
	EndGlobalSection
	GlobalSection(SolutionProperties) = preSolution
		HideSolutionNode = FALSE
	EndGlobalSection
	GlobalSection(ExtensibilityGlobals) = postSolution
		SolutionGuid = {1F2ADBE9-9184-4D08-AC75-F5A911F49988}
	EndGlobalSection
EndGlobal
