
Microsoft Visual Studio Solution File, Format Version 12.00
# Visual Studio Version 17
VisualStudioVersion = 17.10.35004.147
MinimumVisualStudioVersion = 10.0.40219.1
Project("{FAE04EC0-301F-11D3-BF4B-00C04F79EFBC}") = "VenditaProdotti", "VenditaProdotti\VenditaProdotti.csproj", "{0C78899E-981D-48FB-A086-C3B6EB829B0B}"
EndProject
Global
	GlobalSection(SolutionConfigurationPlatforms) = preSolution
		Debug|Any CPU = Debug|Any CPU
		Release|Any CPU = Release|Any CPU
	EndGlobalSection
	GlobalSection(ProjectConfigurationPlatforms) = postSolution
		{0C78899E-981D-48FB-A086-C3B6EB829B0B}.Debug|Any CPU.ActiveCfg = Debug|Any CPU
		{0C78899E-981D-48FB-A086-C3B6EB829B0B}.Debug|Any CPU.Build.0 = Debug|Any CPU
		{0C78899E-981D-48FB-A086-C3B6EB829B0B}.Release|Any CPU.ActiveCfg = Release|Any CPU
		{0C78899E-981D-48FB-A086-C3B6EB829B0B}.Release|Any CPU.Build.0 = Release|Any CPU
	EndGlobalSection
	GlobalSection(SolutionProperties) = preSolution
		HideSolutionNode = FALSE
	EndGlobalSection
	GlobalSection(ExtensibilityGlobals) = postSolution
		SolutionGuid = {75F9DB8F-1028-43F9-A13C-734B60027E08}
	EndGlobalSection
EndGlobal
