
Microsoft Visual Studio Solution File, Format Version 12.00
# Visual Studio Version 17
VisualStudioVersion = 17.10.35004.147
MinimumVisualStudioVersion = 10.0.40219.1
Project("{FAE04EC0-301F-11D3-BF4B-00C04F79EFBC}") = "LinQ_Stringhe", "LinQ_Stringhe\LinQ_Stringhe.csproj", "{1660726F-43F3-4570-AA0D-DEB18B328410}"
EndProject
Global
	GlobalSection(SolutionConfigurationPlatforms) = preSolution
		Debug|Any CPU = Debug|Any CPU
		Release|Any CPU = Release|Any CPU
	EndGlobalSection
	GlobalSection(ProjectConfigurationPlatforms) = postSolution
		{1660726F-43F3-4570-AA0D-DEB18B328410}.Debug|Any CPU.ActiveCfg = Debug|Any CPU
		{1660726F-43F3-4570-AA0D-DEB18B328410}.Debug|Any CPU.Build.0 = Debug|Any CPU
		{1660726F-43F3-4570-AA0D-DEB18B328410}.Release|Any CPU.ActiveCfg = Release|Any CPU
		{1660726F-43F3-4570-AA0D-DEB18B328410}.Release|Any CPU.Build.0 = Release|Any CPU
	EndGlobalSection
	GlobalSection(SolutionProperties) = preSolution
		HideSolutionNode = FALSE
	EndGlobalSection
	GlobalSection(ExtensibilityGlobals) = postSolution
		SolutionGuid = {E702E6E0-A67C-452F-86E0-377887F56732}
	EndGlobalSection
EndGlobal
