
Microsoft Visual Studio Solution File, Format Version 12.00
# Visual Studio Version 17
VisualStudioVersion = 17.9.34728.123
MinimumVisualStudioVersion = 10.0.40219.1
Project("{FAE04EC0-301F-11D3-BF4B-00C04F79EFBC}") = "NumeriPrimi", "NumeriPrimi\NumeriPrimi.csproj", "{D4E82DAB-5543-4C33-91EA-6D36C404E33A}"
EndProject
Project("{FAE04EC0-301F-11D3-BF4B-00C04F79EFBC}") = "EstrazioneNumeriLotto", "EstrazioneNumeriLotto\EstrazioneNumeriLotto.csproj", "{8005E3D6-9AB5-4B44-9D4B-379933AA4B31}"
EndProject
Global
	GlobalSection(SolutionConfigurationPlatforms) = preSolution
		Debug|Any CPU = Debug|Any CPU
		Release|Any CPU = Release|Any CPU
	EndGlobalSection
	GlobalSection(ProjectConfigurationPlatforms) = postSolution
		{D4E82DAB-5543-4C33-91EA-6D36C404E33A}.Debug|Any CPU.ActiveCfg = Debug|Any CPU
		{D4E82DAB-5543-4C33-91EA-6D36C404E33A}.Debug|Any CPU.Build.0 = Debug|Any CPU
		{D4E82DAB-5543-4C33-91EA-6D36C404E33A}.Release|Any CPU.ActiveCfg = Release|Any CPU
		{D4E82DAB-5543-4C33-91EA-6D36C404E33A}.Release|Any CPU.Build.0 = Release|Any CPU
		{8005E3D6-9AB5-4B44-9D4B-379933AA4B31}.Debug|Any CPU.ActiveCfg = Debug|Any CPU
		{8005E3D6-9AB5-4B44-9D4B-379933AA4B31}.Debug|Any CPU.Build.0 = Debug|Any CPU
		{8005E3D6-9AB5-4B44-9D4B-379933AA4B31}.Release|Any CPU.ActiveCfg = Release|Any CPU
		{8005E3D6-9AB5-4B44-9D4B-379933AA4B31}.Release|Any CPU.Build.0 = Release|Any CPU
	EndGlobalSection
	GlobalSection(SolutionProperties) = preSolution
		HideSolutionNode = FALSE
	EndGlobalSection
	GlobalSection(ExtensibilityGlobals) = postSolution
		SolutionGuid = {AF4C40C0-C478-4C6E-AF8B-AD55B3239494}
	EndGlobalSection
EndGlobal
