
Microsoft Visual Studio Solution File, Format Version 12.00
# Visual Studio Version 17
VisualStudioVersion = 17.6.33801.468
MinimumVisualStudioVersion = 10.0.40219.1
Project("{9A19103F-16F7-4668-BE54-9A1E7A4F7556}") = "Somma2interi", "Somma2interi\Somma2interi.csproj", "{609D39CB-9593-465D-B135-B07ABF27CEAE}"
EndProject
Project("{9A19103F-16F7-4668-BE54-9A1E7A4F7556}") = "Divisione2Interi", "Divisione2Interi\Divisione2Interi.csproj", "{D15915ED-149A-4851-9890-2556F2DF87E7}"
EndProject
Project("{9A19103F-16F7-4668-BE54-9A1E7A4F7556}") = "PrezzoQuantita", "PrezzoQuantita\PrezzoQuantita.csproj", "{AFCFB3E7-4927-4DCE-982C-8B330DFD9378}"
EndProject
Project("{9A19103F-16F7-4668-BE54-9A1E7A4F7556}") = "PrezzoQuantitaSconto", "PrezzoQuantitaSconto\PrezzoQuantitaSconto.csproj", "{3CA0D440-2412-4166-AAB8-FBA6CA703DFD}"
EndProject
Project("{FAE04EC0-301F-11D3-BF4B-00C04F79EFBC}") = "FatturaLiberaProfessione", "FatturaLiberaProfessione\FatturaLiberaProfessione.csproj", "{1F0D24FA-4C66-41ED-8DBE-655E3F0DF1E6}"
EndProject
Global
	GlobalSection(SolutionConfigurationPlatforms) = preSolution
		Debug|Any CPU = Debug|Any CPU
		Release|Any CPU = Release|Any CPU
	EndGlobalSection
	GlobalSection(ProjectConfigurationPlatforms) = postSolution
		{609D39CB-9593-465D-B135-B07ABF27CEAE}.Debug|Any CPU.ActiveCfg = Debug|Any CPU
		{609D39CB-9593-465D-B135-B07ABF27CEAE}.Debug|Any CPU.Build.0 = Debug|Any CPU
		{609D39CB-9593-465D-B135-B07ABF27CEAE}.Release|Any CPU.ActiveCfg = Release|Any CPU
		{609D39CB-9593-465D-B135-B07ABF27CEAE}.Release|Any CPU.Build.0 = Release|Any CPU
		{D15915ED-149A-4851-9890-2556F2DF87E7}.Debug|Any CPU.ActiveCfg = Debug|Any CPU
		{D15915ED-149A-4851-9890-2556F2DF87E7}.Debug|Any CPU.Build.0 = Debug|Any CPU
		{D15915ED-149A-4851-9890-2556F2DF87E7}.Release|Any CPU.ActiveCfg = Release|Any CPU
		{D15915ED-149A-4851-9890-2556F2DF87E7}.Release|Any CPU.Build.0 = Release|Any CPU
		{AFCFB3E7-4927-4DCE-982C-8B330DFD9378}.Debug|Any CPU.ActiveCfg = Debug|Any CPU
		{AFCFB3E7-4927-4DCE-982C-8B330DFD9378}.Debug|Any CPU.Build.0 = Debug|Any CPU
		{AFCFB3E7-4927-4DCE-982C-8B330DFD9378}.Release|Any CPU.ActiveCfg = Release|Any CPU
		{AFCFB3E7-4927-4DCE-982C-8B330DFD9378}.Release|Any CPU.Build.0 = Release|Any CPU
		{3CA0D440-2412-4166-AAB8-FBA6CA703DFD}.Debug|Any CPU.ActiveCfg = Debug|Any CPU
		{3CA0D440-2412-4166-AAB8-FBA6CA703DFD}.Debug|Any CPU.Build.0 = Debug|Any CPU
		{3CA0D440-2412-4166-AAB8-FBA6CA703DFD}.Release|Any CPU.ActiveCfg = Release|Any CPU
		{3CA0D440-2412-4166-AAB8-FBA6CA703DFD}.Release|Any CPU.Build.0 = Release|Any CPU
		{1F0D24FA-4C66-41ED-8DBE-655E3F0DF1E6}.Debug|Any CPU.ActiveCfg = Debug|Any CPU
		{1F0D24FA-4C66-41ED-8DBE-655E3F0DF1E6}.Debug|Any CPU.Build.0 = Debug|Any CPU
		{1F0D24FA-4C66-41ED-8DBE-655E3F0DF1E6}.Release|Any CPU.ActiveCfg = Release|Any CPU
		{1F0D24FA-4C66-41ED-8DBE-655E3F0DF1E6}.Release|Any CPU.Build.0 = Release|Any CPU
	EndGlobalSection
	GlobalSection(SolutionProperties) = preSolution
		HideSolutionNode = FALSE
	EndGlobalSection
	GlobalSection(ExtensibilityGlobals) = postSolution
		SolutionGuid = {8EA4F421-B89D-4054-B9F1-0D8B389C1A14}
	EndGlobalSection
EndGlobal
