
Microsoft Visual Studio Solution File, Format Version 12.00
# Visual Studio Version 17
VisualStudioVersion = 17.10.35027.167
MinimumVisualStudioVersion = 10.0.40219.1
Project("{FAE04EC0-301F-11D3-BF4B-00C04F79EFBC}") = "EFCodeFirst", "EFCodeFirst\EFCodeFirst.csproj", "{9B9A87FB-9489-4A98-A22A-44A3A8BE14FF}"
EndProject
Global
	GlobalSection(SolutionConfigurationPlatforms) = preSolution
		Debug|Any CPU = Debug|Any CPU
		Release|Any CPU = Release|Any CPU
	EndGlobalSection
	GlobalSection(ProjectConfigurationPlatforms) = postSolution
		{9B9A87FB-9489-4A98-A22A-44A3A8BE14FF}.Debug|Any CPU.ActiveCfg = Debug|Any CPU
		{9B9A87FB-9489-4A98-A22A-44A3A8BE14FF}.Debug|Any CPU.Build.0 = Debug|Any CPU
		{9B9A87FB-9489-4A98-A22A-44A3A8BE14FF}.Release|Any CPU.ActiveCfg = Release|Any CPU
		{9B9A87FB-9489-4A98-A22A-44A3A8BE14FF}.Release|Any CPU.Build.0 = Release|Any CPU
	EndGlobalSection
	GlobalSection(SolutionProperties) = preSolution
		HideSolutionNode = FALSE
	EndGlobalSection
	GlobalSection(ExtensibilityGlobals) = postSolution
		SolutionGuid = {B8177D9C-BC8A-45FD-8FD5-67F2FF45F73A}
	EndGlobalSection
EndGlobal
