
Microsoft Visual Studio Solution File, Format Version 12.00
# Visual Studio Version 17
VisualStudioVersion = 17.10.35027.167
MinimumVisualStudioVersion = 10.0.40219.1
Project("{FAE04EC0-301F-11D3-BF4B-00C04F79EFBC}") = "CrudAPI", "CrudAPI\CrudAPI.csproj", "{2596ACAC-86C5-4071-8714-0EBFA99FB2C3}"
EndProject
Global
	GlobalSection(SolutionConfigurationPlatforms) = preSolution
		Debug|Any CPU = Debug|Any CPU
		Release|Any CPU = Release|Any CPU
	EndGlobalSection
	GlobalSection(ProjectConfigurationPlatforms) = postSolution
		{2596ACAC-86C5-4071-8714-0EBFA99FB2C3}.Debug|Any CPU.ActiveCfg = Debug|Any CPU
		{2596ACAC-86C5-4071-8714-0EBFA99FB2C3}.Debug|Any CPU.Build.0 = Debug|Any CPU
		{2596ACAC-86C5-4071-8714-0EBFA99FB2C3}.Release|Any CPU.ActiveCfg = Release|Any CPU
		{2596ACAC-86C5-4071-8714-0EBFA99FB2C3}.Release|Any CPU.Build.0 = Release|Any CPU
	EndGlobalSection
	GlobalSection(SolutionProperties) = preSolution
		HideSolutionNode = FALSE
	EndGlobalSection
	GlobalSection(ExtensibilityGlobals) = postSolution
		SolutionGuid = {EA4E4ABB-F20B-49EF-867A-8FB6A917FA4C}
	EndGlobalSection
EndGlobal
