
Microsoft Visual Studio Solution File, Format Version 12.00
# Visual Studio Version 17
VisualStudioVersion = 17.10.35004.147
MinimumVisualStudioVersion = 10.0.40219.1
Project("{FAE04EC0-301F-11D3-BF4B-00C04F79EFBC}") = "FileCSV_Lettura", "FileCSV_Lettura\FileCSV_Lettura.csproj", "{A69C8434-CC3D-451A-AE3B-70B2EC5C4A13}"
EndProject
Global
	GlobalSection(SolutionConfigurationPlatforms) = preSolution
		Debug|Any CPU = Debug|Any CPU
		Release|Any CPU = Release|Any CPU
	EndGlobalSection
	GlobalSection(ProjectConfigurationPlatforms) = postSolution
		{A69C8434-CC3D-451A-AE3B-70B2EC5C4A13}.Debug|Any CPU.ActiveCfg = Debug|Any CPU
		{A69C8434-CC3D-451A-AE3B-70B2EC5C4A13}.Debug|Any CPU.Build.0 = Debug|Any CPU
		{A69C8434-CC3D-451A-AE3B-70B2EC5C4A13}.Release|Any CPU.ActiveCfg = Release|Any CPU
		{A69C8434-CC3D-451A-AE3B-70B2EC5C4A13}.Release|Any CPU.Build.0 = Release|Any CPU
	EndGlobalSection
	GlobalSection(SolutionProperties) = preSolution
		HideSolutionNode = FALSE
	EndGlobalSection
	GlobalSection(ExtensibilityGlobals) = postSolution
		SolutionGuid = {3A152533-47F7-429A-AA12-166A943934B4}
	EndGlobalSection
EndGlobal
